// !$*UTF8*$!
{
	archiveVersion = 1;
	classes = {
	};
	objectVersion = 56;
	objects = {

/* Begin PBXBuildFile section */
		292E71E22A88DC6100E82933 /* FeeUpApp.swift in Sources */ = {isa = PBXBuildFile; fileRef = 292E71E12A88DC6100E82933 /* FeeUpApp.swift */; };
		292E71E42A88DC6100E82933 /* ContentView.swift in Sources */ = {isa = PBXBuildFile; fileRef = 292E71E32A88DC6100E82933 /* ContentView.swift */; };
		292E71E62A88DC6200E82933 /* Assets.xcassets in Resources */ = {isa = PBXBuildFile; fileRef = 292E71E52A88DC6200E82933 /* Assets.xcassets */; };
		292E71E92A88DC6200E82933 /* Preview Assets.xcassets in Resources */ = {isa = PBXBuildFile; fileRef = 292E71E82A88DC6200E82933 /* Preview Assets.xcassets */; };
		292E71F32A88DC6200E82933 /* FeeUpTests.swift in Sources */ = {isa = PBXBuildFile; fileRef = 292E71F22A88DC6200E82933 /* FeeUpTests.swift */; };
		292E71FD2A88DC6200E82933 /* FeeUpUITests.swift in Sources */ = {isa = PBXBuildFile; fileRef = 292E71FC2A88DC6200E82933 /* FeeUpUITests.swift */; };
		292E71FF2A88DC6200E82933 /* FeeUpUITestsLaunchTests.swift in Sources */ = {isa = PBXBuildFile; fileRef = 292E71FE2A88DC6200E82933 /* FeeUpUITestsLaunchTests.swift */; };
		292E72122A88DED100E82933 /* FeedRowView.swift in Sources */ = {isa = PBXBuildFile; fileRef = 292E72112A88DED100E82933 /* FeedRowView.swift */; };
		29B7F43B2A8E34110098445D /* Kingfisher in Frameworks */ = {isa = PBXBuildFile; productRef = 29B7F43A2A8E34110098445D /* Kingfisher */; };
		29B7F43D2A8E34FF0098445D /* RemoteImage.swift in Sources */ = {isa = PBXBuildFile; fileRef = 29B7F43C2A8E34FF0098445D /* RemoteImage.swift */; };
		29C229122A8D05EF00D85333 /* ViewModel.swift in Sources */ = {isa = PBXBuildFile; fileRef = 29C229112A8D05EF00D85333 /* ViewModel.swift */; };
		29C229142A8D05FA00D85333 /* State.swift in Sources */ = {isa = PBXBuildFile; fileRef = 29C229132A8D05FA00D85333 /* State.swift */; };
		29C229162A8D069F00D85333 /* FeedListView.swift in Sources */ = {isa = PBXBuildFile; fileRef = 29C229152A8D069F00D85333 /* FeedListView.swift */; };
		29C229192A8D06CA00D85333 /* FeedListViewModel.swift in Sources */ = {isa = PBXBuildFile; fileRef = 29C229182A8D06CA00D85333 /* FeedListViewModel.swift */; };
		29C2291B2A8D077500D85333 /* FeedList.swift in Sources */ = {isa = PBXBuildFile; fileRef = 29C2291A2A8D077500D85333 /* FeedList.swift */; };
		29C2291E2A8D07B000D85333 /* API in Frameworks */ = {isa = PBXBuildFile; productRef = 29C2291D2A8D07B000D85333 /* API */; };
		29C229202A8D07B000D85333 /* Domain in Frameworks */ = {isa = PBXBuildFile; productRef = 29C2291F2A8D07B000D85333 /* Domain */; };
		29C229222A8D07B000D85333 /* Network in Frameworks */ = {isa = PBXBuildFile; productRef = 29C229212A8D07B000D85333 /* Network */; };
		29C229242A8D07B000D85333 /* Persistence in Frameworks */ = {isa = PBXBuildFile; productRef = 29C229232A8D07B000D85333 /* Persistence */; };
		29C229262A8D07B000D85333 /* Repository in Frameworks */ = {isa = PBXBuildFile; productRef = 29C229252A8D07B000D85333 /* Repository */; };
		29C229292A8D115B00D85333 /* AppDependencies.swift in Sources */ = {isa = PBXBuildFile; fileRef = 29C229282A8D115B00D85333 /* AppDependencies.swift */; };
		29C2292B2A8D125F00D85333 /* DependencyManager.swift in Sources */ = {isa = PBXBuildFile; fileRef = 29C2292A2A8D125F00D85333 /* DependencyManager.swift */; };
/* End PBXBuildFile section */

/* Begin PBXContainerItemProxy section */
		292E71EF2A88DC6200E82933 /* PBXContainerItemProxy */ = {
			isa = PBXContainerItemProxy;
			containerPortal = 292E71D62A88DC6100E82933 /* Project object */;
			proxyType = 1;
			remoteGlobalIDString = 292E71DD2A88DC6100E82933;
			remoteInfo = FeeUp;
		};
		292E71F92A88DC6200E82933 /* PBXContainerItemProxy */ = {
			isa = PBXContainerItemProxy;
			containerPortal = 292E71D62A88DC6100E82933 /* Project object */;
			proxyType = 1;
			remoteGlobalIDString = 292E71DD2A88DC6100E82933;
			remoteInfo = FeeUp;
		};
/* End PBXContainerItemProxy section */

/* Begin PBXFileReference section */
		292E71DE2A88DC6100E82933 /* FeeUp.app */ = {isa = PBXFileReference; explicitFileType = wrapper.application; includeInIndex = 0; path = FeeUp.app; sourceTree = BUILT_PRODUCTS_DIR; };
		292E71E12A88DC6100E82933 /* FeeUpApp.swift */ = {isa = PBXFileReference; lastKnownFileType = sourcecode.swift; path = FeeUpApp.swift; sourceTree = "<group>"; };
		292E71E32A88DC6100E82933 /* ContentView.swift */ = {isa = PBXFileReference; lastKnownFileType = sourcecode.swift; path = ContentView.swift; sourceTree = "<group>"; };
		292E71E52A88DC6200E82933 /* Assets.xcassets */ = {isa = PBXFileReference; lastKnownFileType = folder.assetcatalog; path = Assets.xcassets; sourceTree = "<group>"; };
		292E71E82A88DC6200E82933 /* Preview Assets.xcassets */ = {isa = PBXFileReference; lastKnownFileType = folder.assetcatalog; path = "Preview Assets.xcassets"; sourceTree = "<group>"; };
		292E71EE2A88DC6200E82933 /* FeeUpTests.xctest */ = {isa = PBXFileReference; explicitFileType = wrapper.cfbundle; includeInIndex = 0; path = FeeUpTests.xctest; sourceTree = BUILT_PRODUCTS_DIR; };
		292E71F22A88DC6200E82933 /* FeeUpTests.swift */ = {isa = PBXFileReference; lastKnownFileType = sourcecode.swift; path = FeeUpTests.swift; sourceTree = "<group>"; };
		292E71F82A88DC6200E82933 /* FeeUpUITests.xctest */ = {isa = PBXFileReference; explicitFileType = wrapper.cfbundle; includeInIndex = 0; path = FeeUpUITests.xctest; sourceTree = BUILT_PRODUCTS_DIR; };
		292E71FC2A88DC6200E82933 /* FeeUpUITests.swift */ = {isa = PBXFileReference; lastKnownFileType = sourcecode.swift; path = FeeUpUITests.swift; sourceTree = "<group>"; };
		292E71FE2A88DC6200E82933 /* FeeUpUITestsLaunchTests.swift */ = {isa = PBXFileReference; lastKnownFileType = sourcecode.swift; path = FeeUpUITestsLaunchTests.swift; sourceTree = "<group>"; };
		292E72112A88DED100E82933 /* FeedRowView.swift */ = {isa = PBXFileReference; lastKnownFileType = sourcecode.swift; path = FeedRowView.swift; sourceTree = "<group>"; };
		29B7F43C2A8E34FF0098445D /* RemoteImage.swift */ = {isa = PBXFileReference; lastKnownFileType = sourcecode.swift; path = RemoteImage.swift; sourceTree = "<group>"; };
		29C229112A8D05EF00D85333 /* ViewModel.swift */ = {isa = PBXFileReference; lastKnownFileType = sourcecode.swift; path = ViewModel.swift; sourceTree = "<group>"; };
		29C229132A8D05FA00D85333 /* State.swift */ = {isa = PBXFileReference; lastKnownFileType = sourcecode.swift; path = State.swift; sourceTree = "<group>"; };
		29C229152A8D069F00D85333 /* FeedListView.swift */ = {isa = PBXFileReference; lastKnownFileType = sourcecode.swift; path = FeedListView.swift; sourceTree = "<group>"; };
		29C229182A8D06CA00D85333 /* FeedListViewModel.swift */ = {isa = PBXFileReference; lastKnownFileType = sourcecode.swift; path = FeedListViewModel.swift; sourceTree = "<group>"; };
		29C2291A2A8D077500D85333 /* FeedList.swift */ = {isa = PBXFileReference; lastKnownFileType = sourcecode.swift; path = FeedList.swift; sourceTree = "<group>"; };
		29C229282A8D115B00D85333 /* AppDependencies.swift */ = {isa = PBXFileReference; lastKnownFileType = sourcecode.swift; path = AppDependencies.swift; sourceTree = "<group>"; };
		29C2292A2A8D125F00D85333 /* DependencyManager.swift */ = {isa = PBXFileReference; lastKnownFileType = sourcecode.swift; path = DependencyManager.swift; sourceTree = "<group>"; };
		29FAA9482A88E9C7003A9440 /* Packages */ = {isa = PBXFileReference; lastKnownFileType = wrapper; path = Packages; sourceTree = "<group>"; };
		29FAA94A2A890EF5003A9440 /* NetworkTests.xctestplan */ = {isa = PBXFileReference; lastKnownFileType = text; path = NetworkTests.xctestplan; sourceTree = "<group>"; };
/* End PBXFileReference section */

/* Begin PBXFrameworksBuildPhase section */
		292E71DB2A88DC6100E82933 /* Frameworks */ = {
			isa = PBXFrameworksBuildPhase;
			buildActionMask = 2147483647;
			files = (
				29B7F43B2A8E34110098445D /* Kingfisher in Frameworks */,
				29C229242A8D07B000D85333 /* Persistence in Frameworks */,
				29C229222A8D07B000D85333 /* Network in Frameworks */,
				29C229262A8D07B000D85333 /* Repository in Frameworks */,
				29C229202A8D07B000D85333 /* Domain in Frameworks */,
				29C2291E2A8D07B000D85333 /* API in Frameworks */,
			);
			runOnlyForDeploymentPostprocessing = 0;
		};
		292E71EB2A88DC6200E82933 /* Frameworks */ = {
			isa = PBXFrameworksBuildPhase;
			buildActionMask = 2147483647;
			files = (
			);
			runOnlyForDeploymentPostprocessing = 0;
		};
		292E71F52A88DC6200E82933 /* Frameworks */ = {
			isa = PBXFrameworksBuildPhase;
			buildActionMask = 2147483647;
			files = (
			);
			runOnlyForDeploymentPostprocessing = 0;
		};
/* End PBXFrameworksBuildPhase section */

/* Begin PBXGroup section */
		292E71D52A88DC6100E82933 = {
			isa = PBXGroup;
			children = (
				29FAA9492A88E9CB003A9440 /* LocalPackages */,
				292E71E02A88DC6100E82933 /* FeeUp */,
				292E71F12A88DC6200E82933 /* FeeUpTests */,
				292E71FB2A88DC6200E82933 /* FeeUpUITests */,
				292E71DF2A88DC6100E82933 /* Products */,
				29C2291C2A8D07B000D85333 /* Frameworks */,
			);
			sourceTree = "<group>";
		};
		292E71DF2A88DC6100E82933 /* Products */ = {
			isa = PBXGroup;
			children = (
				292E71DE2A88DC6100E82933 /* FeeUp.app */,
				292E71EE2A88DC6200E82933 /* FeeUpTests.xctest */,
				292E71F82A88DC6200E82933 /* FeeUpUITests.xctest */,
			);
			name = Products;
			sourceTree = "<group>";
		};
		292E71E02A88DC6100E82933 /* FeeUp */ = {
			isa = PBXGroup;
			children = (
				29B7F4362A8E273F0098445D /* Views */,
				29C229272A8D114000D85333 /* AppDependencies */,
				29C229102A8D05E600D85333 /* Base */,
				292E720B2A88DE6300E82933 /* Modules */,
				292E71E12A88DC6100E82933 /* FeeUpApp.swift */,
				292E71E32A88DC6100E82933 /* ContentView.swift */,
				292E71E52A88DC6200E82933 /* Assets.xcassets */,
				292E71E72A88DC6200E82933 /* Preview Content */,
			);
			path = FeeUp;
			sourceTree = "<group>";
		};
		292E71E72A88DC6200E82933 /* Preview Content */ = {
			isa = PBXGroup;
			children = (
				292E71E82A88DC6200E82933 /* Preview Assets.xcassets */,
			);
			path = "Preview Content";
			sourceTree = "<group>";
		};
		292E71F12A88DC6200E82933 /* FeeUpTests */ = {
			isa = PBXGroup;
			children = (
				292E71F22A88DC6200E82933 /* FeeUpTests.swift */,
			);
			path = FeeUpTests;
			sourceTree = "<group>";
		};
		292E71FB2A88DC6200E82933 /* FeeUpUITests */ = {
			isa = PBXGroup;
			children = (
				292E71FC2A88DC6200E82933 /* FeeUpUITests.swift */,
				292E71FE2A88DC6200E82933 /* FeeUpUITestsLaunchTests.swift */,
			);
			path = FeeUpUITests;
			sourceTree = "<group>";
		};
		292E720B2A88DE6300E82933 /* Modules */ = {
			isa = PBXGroup;
			children = (
				292E720D2A88DE7600E82933 /* FeedList */,
			);
			path = Modules;
			sourceTree = "<group>";
		};
		292E720D2A88DE7600E82933 /* FeedList */ = {
			isa = PBXGroup;
			children = (
				292E72102A88DEB600E82933 /* View */,
				29C229152A8D069F00D85333 /* FeedListView.swift */,
				29C229182A8D06CA00D85333 /* FeedListViewModel.swift */,
				29C2291A2A8D077500D85333 /* FeedList.swift */,
			);
			path = FeedList;
			sourceTree = "<group>";
		};
		292E72102A88DEB600E82933 /* View */ = {
			isa = PBXGroup;
			children = (
				292E72112A88DED100E82933 /* FeedRowView.swift */,
			);
			path = View;
			sourceTree = "<group>";
		};
		29B7F4362A8E273F0098445D /* Views */ = {
			isa = PBXGroup;
			children = (
				29B7F43C2A8E34FF0098445D /* RemoteImage.swift */,
			);
			path = Views;
			sourceTree = "<group>";
		};
		29C229102A8D05E600D85333 /* Base */ = {
			isa = PBXGroup;
			children = (
				29C229112A8D05EF00D85333 /* ViewModel.swift */,
				29C229132A8D05FA00D85333 /* State.swift */,
			);
			path = Base;
			sourceTree = "<group>";
		};
		29C2291C2A8D07B000D85333 /* Frameworks */ = {
			isa = PBXGroup;
			children = (
			);
			name = Frameworks;
			sourceTree = "<group>";
		};
		29C229272A8D114000D85333 /* AppDependencies */ = {
			isa = PBXGroup;
			children = (
				29C229282A8D115B00D85333 /* AppDependencies.swift */,
				29C2292A2A8D125F00D85333 /* DependencyManager.swift */,
			);
			path = AppDependencies;
			sourceTree = "<group>";
		};
		29FAA9492A88E9CB003A9440 /* LocalPackages */ = {
			isa = PBXGroup;
			children = (
				29FAA94A2A890EF5003A9440 /* NetworkTests.xctestplan */,
				29FAA9482A88E9C7003A9440 /* Packages */,
			);
			path = LocalPackages;
			sourceTree = "<group>";
		};
/* End PBXGroup section */

/* Begin PBXNativeTarget section */
		292E71DD2A88DC6100E82933 /* FeeUp */ = {
			isa = PBXNativeTarget;
			buildConfigurationList = 292E72022A88DC6200E82933 /* Build configuration list for PBXNativeTarget "FeeUp" */;
			buildPhases = (
				292E71DA2A88DC6100E82933 /* Sources */,
				292E71DB2A88DC6100E82933 /* Frameworks */,
				292E71DC2A88DC6100E82933 /* Resources */,
			);
			buildRules = (
			);
			dependencies = (
			);
			name = FeeUp;
			packageProductDependencies = (
				29C2291D2A8D07B000D85333 /* API */,
				29C2291F2A8D07B000D85333 /* Domain */,
				29C229212A8D07B000D85333 /* Network */,
				29C229232A8D07B000D85333 /* Persistence */,
				29C229252A8D07B000D85333 /* Repository */,
				29B7F43A2A8E34110098445D /* Kingfisher */,
			);
			productName = FeeUp;
			productReference = 292E71DE2A88DC6100E82933 /* FeeUp.app */;
			productType = "com.apple.product-type.application";
		};
		292E71ED2A88DC6200E82933 /* FeeUpTests */ = {
			isa = PBXNativeTarget;
			buildConfigurationList = 292E72052A88DC6200E82933 /* Build configuration list for PBXNativeTarget "FeeUpTests" */;
			buildPhases = (
				292E71EA2A88DC6200E82933 /* Sources */,
				292E71EB2A88DC6200E82933 /* Frameworks */,
				292E71EC2A88DC6200E82933 /* Resources */,
			);
			buildRules = (
			);
			dependencies = (
				292E71F02A88DC6200E82933 /* PBXTargetDependency */,
			);
			name = FeeUpTests;
			productName = FeeUpTests;
			productReference = 292E71EE2A88DC6200E82933 /* FeeUpTests.xctest */;
			productType = "com.apple.product-type.bundle.unit-test";
		};
		292E71F72A88DC6200E82933 /* FeeUpUITests */ = {
			isa = PBXNativeTarget;
			buildConfigurationList = 292E72082A88DC6200E82933 /* Build configuration list for PBXNativeTarget "FeeUpUITests" */;
			buildPhases = (
				292E71F42A88DC6200E82933 /* Sources */,
				292E71F52A88DC6200E82933 /* Frameworks */,
				292E71F62A88DC6200E82933 /* Resources */,
			);
			buildRules = (
			);
			dependencies = (
				292E71FA2A88DC6200E82933 /* PBXTargetDependency */,
			);
			name = FeeUpUITests;
			productName = FeeUpUITests;
			productReference = 292E71F82A88DC6200E82933 /* FeeUpUITests.xctest */;
			productType = "com.apple.product-type.bundle.ui-testing";
		};
/* End PBXNativeTarget section */

/* Begin PBXProject section */
		292E71D62A88DC6100E82933 /* Project object */ = {
			isa = PBXProject;
			attributes = {
				BuildIndependentTargetsInParallel = 1;
				LastSwiftUpdateCheck = 1430;
				LastUpgradeCheck = 1430;
				TargetAttributes = {
					292E71DD2A88DC6100E82933 = {
						CreatedOnToolsVersion = 14.3;
					};
					292E71ED2A88DC6200E82933 = {
						CreatedOnToolsVersion = 14.3;
						TestTargetID = 292E71DD2A88DC6100E82933;
					};
					292E71F72A88DC6200E82933 = {
						CreatedOnToolsVersion = 14.3;
						TestTargetID = 292E71DD2A88DC6100E82933;
					};
				};
			};
			buildConfigurationList = 292E71D92A88DC6100E82933 /* Build configuration list for PBXProject "FeeUp" */;
			compatibilityVersion = "Xcode 14.0";
			developmentRegion = en;
			hasScannedForEncodings = 0;
			knownRegions = (
				en,
				Base,
			);
			mainGroup = 292E71D52A88DC6100E82933;
			packageReferences = (
				29B7F4392A8E34110098445D /* XCRemoteSwiftPackageReference "Kingfisher" */,
			);
			productRefGroup = 292E71DF2A88DC6100E82933 /* Products */;
			projectDirPath = "";
			projectRoot = "";
			targets = (
				292E71DD2A88DC6100E82933 /* FeeUp */,
				292E71ED2A88DC6200E82933 /* FeeUpTests */,
				292E71F72A88DC6200E82933 /* FeeUpUITests */,
			);
		};
/* End PBXProject section */

/* Begin PBXResourcesBuildPhase section */
		292E71DC2A88DC6100E82933 /* Resources */ = {
			isa = PBXResourcesBuildPhase;
			buildActionMask = 2147483647;
			files = (
				292E71E92A88DC6200E82933 /* Preview Assets.xcassets in Resources */,
				292E71E62A88DC6200E82933 /* Assets.xcassets in Resources */,
			);
			runOnlyForDeploymentPostprocessing = 0;
		};
		292E71EC2A88DC6200E82933 /* Resources */ = {
			isa = PBXResourcesBuildPhase;
			buildActionMask = 2147483647;
			files = (
			);
			runOnlyForDeploymentPostprocessing = 0;
		};
		292E71F62A88DC6200E82933 /* Resources */ = {
			isa = PBXResourcesBuildPhase;
			buildActionMask = 2147483647;
			files = (
			);
			runOnlyForDeploymentPostprocessing = 0;
		};
/* End PBXResourcesBuildPhase section */

/* Begin PBXSourcesBuildPhase section */
		292E71DA2A88DC6100E82933 /* Sources */ = {
			isa = PBXSourcesBuildPhase;
			buildActionMask = 2147483647;
			files = (
				29C229122A8D05EF00D85333 /* ViewModel.swift in Sources */,
				29C2291B2A8D077500D85333 /* FeedList.swift in Sources */,
				292E71E42A88DC6100E82933 /* ContentView.swift in Sources */,
				29C229192A8D06CA00D85333 /* FeedListViewModel.swift in Sources */,
				29B7F43D2A8E34FF0098445D /* RemoteImage.swift in Sources */,
				292E71E22A88DC6100E82933 /* FeeUpApp.swift in Sources */,
				29C229162A8D069F00D85333 /* FeedListView.swift in Sources */,
				29C229292A8D115B00D85333 /* AppDependencies.swift in Sources */,
				292E72122A88DED100E82933 /* FeedRowView.swift in Sources */,
				29C2292B2A8D125F00D85333 /* DependencyManager.swift in Sources */,
				29C229142A8D05FA00D85333 /* State.swift in Sources */,
			);
			runOnlyForDeploymentPostprocessing = 0;
		};
		292E71EA2A88DC6200E82933 /* Sources */ = {
			isa = PBXSourcesBuildPhase;
			buildActionMask = 2147483647;
			files = (
				292E71F32A88DC6200E82933 /* FeeUpTests.swift in Sources */,
			);
			runOnlyForDeploymentPostprocessing = 0;
		};
		292E71F42A88DC6200E82933 /* Sources */ = {
			isa = PBXSourcesBuildPhase;
			buildActionMask = 2147483647;
			files = (
				292E71FF2A88DC6200E82933 /* FeeUpUITestsLaunchTests.swift in Sources */,
				292E71FD2A88DC6200E82933 /* FeeUpUITests.swift in Sources */,
			);
			runOnlyForDeploymentPostprocessing = 0;
		};
/* End PBXSourcesBuildPhase section */

/* Begin PBXTargetDependency section */
		292E71F02A88DC6200E82933 /* PBXTargetDependency */ = {
			isa = PBXTargetDependency;
			target = 292E71DD2A88DC6100E82933 /* FeeUp */;
			targetProxy = 292E71EF2A88DC6200E82933 /* PBXContainerItemProxy */;
		};
		292E71FA2A88DC6200E82933 /* PBXTargetDependency */ = {
			isa = PBXTargetDependency;
			target = 292E71DD2A88DC6100E82933 /* FeeUp */;
			targetProxy = 292E71F92A88DC6200E82933 /* PBXContainerItemProxy */;
		};
/* End PBXTargetDependency section */

/* Begin XCBuildConfiguration section */
		292E72002A88DC6200E82933 /* Debug */ = {
			isa = XCBuildConfiguration;
			buildSettings = {
				ALWAYS_SEARCH_USER_PATHS = NO;
				CLANG_ANALYZER_NONNULL = YES;
				CLANG_ANALYZER_NUMBER_OBJECT_CONVERSION = YES_AGGRESSIVE;
				CLANG_CXX_LANGUAGE_STANDARD = "gnu++20";
				CLANG_ENABLE_MODULES = YES;
				CLANG_ENABLE_OBJC_ARC = YES;
				CLANG_ENABLE_OBJC_WEAK = YES;
				CLANG_WARN_BLOCK_CAPTURE_AUTORELEASING = YES;
				CLANG_WARN_BOOL_CONVERSION = YES;
				CLANG_WARN_COMMA = YES;
				CLANG_WARN_CONSTANT_CONVERSION = YES;
				CLANG_WARN_DEPRECATED_OBJC_IMPLEMENTATIONS = YES;
				CLANG_WARN_DIRECT_OBJC_ISA_USAGE = YES_ERROR;
				CLANG_WARN_DOCUMENTATION_COMMENTS = YES;
				CLANG_WARN_EMPTY_BODY = YES;
				CLANG_WARN_ENUM_CONVERSION = YES;
				CLANG_WARN_INFINITE_RECURSION = YES;
				CLANG_WARN_INT_CONVERSION = YES;
				CLANG_WARN_NON_LITERAL_NULL_CONVERSION = YES;
				CLANG_WARN_OBJC_IMPLICIT_RETAIN_SELF = YES;
				CLANG_WARN_OBJC_LITERAL_CONVERSION = YES;
				CLANG_WARN_OBJC_ROOT_CLASS = YES_ERROR;
				CLANG_WARN_QUOTED_INCLUDE_IN_FRAMEWORK_HEADER = YES;
				CLANG_WARN_RANGE_LOOP_ANALYSIS = YES;
				CLANG_WARN_STRICT_PROTOTYPES = YES;
				CLANG_WARN_SUSPICIOUS_MOVE = YES;
				CLANG_WARN_UNGUARDED_AVAILABILITY = YES_AGGRESSIVE;
				CLANG_WARN_UNREACHABLE_CODE = YES;
				CLANG_WARN__DUPLICATE_METHOD_MATCH = YES;
				COPY_PHASE_STRIP = NO;
				DEBUG_INFORMATION_FORMAT = dwarf;
				ENABLE_STRICT_OBJC_MSGSEND = YES;
				ENABLE_TESTABILITY = YES;
				GCC_C_LANGUAGE_STANDARD = gnu11;
				GCC_DYNAMIC_NO_PIC = NO;
				GCC_NO_COMMON_BLOCKS = YES;
				GCC_OPTIMIZATION_LEVEL = 0;
				GCC_PREPROCESSOR_DEFINITIONS = (
					"DEBUG=1",
					"$(inherited)",
				);
				GCC_WARN_64_TO_32_BIT_CONVERSION = YES;
				GCC_WARN_ABOUT_RETURN_TYPE = YES_ERROR;
				GCC_WARN_UNDECLARED_SELECTOR = YES;
				GCC_WARN_UNINITIALIZED_AUTOS = YES_AGGRESSIVE;
				GCC_WARN_UNUSED_FUNCTION = YES;
				GCC_WARN_UNUSED_VARIABLE = YES;
				IPHONEOS_DEPLOYMENT_TARGET = 16.4;
				MTL_ENABLE_DEBUG_INFO = INCLUDE_SOURCE;
				MTL_FAST_MATH = YES;
				ONLY_ACTIVE_ARCH = YES;
				SDKROOT = iphoneos;
				SWIFT_ACTIVE_COMPILATION_CONDITIONS = DEBUG;
				SWIFT_OPTIMIZATION_LEVEL = "-Onone";
			};
			name = Debug;
		};
		292E72012A88DC6200E82933 /* Release */ = {
			isa = XCBuildConfiguration;
			buildSettings = {
				ALWAYS_SEARCH_USER_PATHS = NO;
				CLANG_ANALYZER_NONNULL = YES;
				CLANG_ANALYZER_NUMBER_OBJECT_CONVERSION = YES_AGGRESSIVE;
				CLANG_CXX_LANGUAGE_STANDARD = "gnu++20";
				CLANG_ENABLE_MODULES = YES;
				CLANG_ENABLE_OBJC_ARC = YES;
				CLANG_ENABLE_OBJC_WEAK = YES;
				CLANG_WARN_BLOCK_CAPTURE_AUTORELEASING = YES;
				CLANG_WARN_BOOL_CONVERSION = YES;
				CLANG_WARN_COMMA = YES;
				CLANG_WARN_CONSTANT_CONVERSION = YES;
				CLANG_WARN_DEPRECATED_OBJC_IMPLEMENTATIONS = YES;
				CLANG_WARN_DIRECT_OBJC_ISA_USAGE = YES_ERROR;
				CLANG_WARN_DOCUMENTATION_COMMENTS = YES;
				CLANG_WARN_EMPTY_BODY = YES;
				CLANG_WARN_ENUM_CONVERSION = YES;
				CLANG_WARN_INFINITE_RECURSION = YES;
				CLANG_WARN_INT_CONVERSION = YES;
				CLANG_WARN_NON_LITERAL_NULL_CONVERSION = YES;
				CLANG_WARN_OBJC_IMPLICIT_RETAIN_SELF = YES;
				CLANG_WARN_OBJC_LITERAL_CONVERSION = YES;
				CLANG_WARN_OBJC_ROOT_CLASS = YES_ERROR;
				CLANG_WARN_QUOTED_INCLUDE_IN_FRAMEWORK_HEADER = YES;
				CLANG_WARN_RANGE_LOOP_ANALYSIS = YES;
				CLANG_WARN_STRICT_PROTOTYPES = YES;
				CLANG_WARN_SUSPICIOUS_MOVE = YES;
				CLANG_WARN_UNGUARDED_AVAILABILITY = YES_AGGRESSIVE;
				CLANG_WARN_UNREACHABLE_CODE = YES;
				CLANG_WARN__DUPLICATE_METHOD_MATCH = YES;
				COPY_PHASE_STRIP = NO;
				DEBUG_INFORMATION_FORMAT = "dwarf-with-dsym";
				ENABLE_NS_ASSERTIONS = NO;
				ENABLE_STRICT_OBJC_MSGSEND = YES;
				GCC_C_LANGUAGE_STANDARD = gnu11;
				GCC_NO_COMMON_BLOCKS = YES;
				GCC_WARN_64_TO_32_BIT_CONVERSION = YES;
				GCC_WARN_ABOUT_RETURN_TYPE = YES_ERROR;
				GCC_WARN_UNDECLARED_SELECTOR = YES;
				GCC_WARN_UNINITIALIZED_AUTOS = YES_AGGRESSIVE;
				GCC_WARN_UNUSED_FUNCTION = YES;
				GCC_WARN_UNUSED_VARIABLE = YES;
				IPHONEOS_DEPLOYMENT_TARGET = 16.4;
				MTL_ENABLE_DEBUG_INFO = NO;
				MTL_FAST_MATH = YES;
				SDKROOT = iphoneos;
				SWIFT_COMPILATION_MODE = wholemodule;
				SWIFT_OPTIMIZATION_LEVEL = "-O";
				VALIDATE_PRODUCT = YES;
			};
			name = Release;
		};
		292E72032A88DC6200E82933 /* Debug */ = {
			isa = XCBuildConfiguration;
			buildSettings = {
				ASSETCATALOG_COMPILER_APPICON_NAME = AppIcon;
				ASSETCATALOG_COMPILER_GLOBAL_ACCENT_COLOR_NAME = AccentColor;
				CODE_SIGN_STYLE = Automatic;
				CURRENT_PROJECT_VERSION = 1;
				DEVELOPMENT_ASSET_PATHS = "\"FeeUp/Preview Content\"";
				DEVELOPMENT_TEAM = BUZXKJMFX3;
				ENABLE_PREVIEWS = YES;
				GENERATE_INFOPLIST_FILE = YES;
				INFOPLIST_KEY_UIApplicationSceneManifest_Generation = YES;
				INFOPLIST_KEY_UIApplicationSupportsIndirectInputEvents = YES;
				INFOPLIST_KEY_UILaunchScreen_Generation = YES;
				INFOPLIST_KEY_UISupportedInterfaceOrientations_iPad = "UIInterfaceOrientationPortrait UIInterfaceOrientationPortraitUpsideDown UIInterfaceOrientationLandscapeLeft UIInterfaceOrientationLandscapeRight";
				INFOPLIST_KEY_UISupportedInterfaceOrientations_iPhone = "UIInterfaceOrientationPortrait UIInterfaceOrientationLandscapeLeft UIInterfaceOrientationLandscapeRight";
				LD_RUNPATH_SEARCH_PATHS = (
					"$(inherited)",
					"@executable_path/Frameworks",
				);
				MARKETING_VERSION = 1.0;
				PRODUCT_BUNDLE_IDENTIFIER = app.feedup.FeeUp;
				PRODUCT_NAME = "$(TARGET_NAME)";
				SWIFT_EMIT_LOC_STRINGS = YES;
				SWIFT_VERSION = 5.0;
				TARGETED_DEVICE_FAMILY = "1,2";
			};
			name = Debug;
		};
		292E72042A88DC6200E82933 /* Release */ = {
			isa = XCBuildConfiguration;
			buildSettings = {
				ASSETCATALOG_COMPILER_APPICON_NAME = AppIcon;
				ASSETCATALOG_COMPILER_GLOBAL_ACCENT_COLOR_NAME = AccentColor;
				CODE_SIGN_STYLE = Automatic;
				CURRENT_PROJECT_VERSION = 1;
				DEVELOPMENT_ASSET_PATHS = "\"FeeUp/Preview Content\"";
				DEVELOPMENT_TEAM = BUZXKJMFX3;
				ENABLE_PREVIEWS = YES;
				GENERATE_INFOPLIST_FILE = YES;
				INFOPLIST_KEY_UIApplicationSceneManifest_Generation = YES;
				INFOPLIST_KEY_UIApplicationSupportsIndirectInputEvents = YES;
				INFOPLIST_KEY_UILaunchScreen_Generation = YES;
				INFOPLIST_KEY_UISupportedInterfaceOrientations_iPad = "UIInterfaceOrientationPortrait UIInterfaceOrientationPortraitUpsideDown UIInterfaceOrientationLandscapeLeft UIInterfaceOrientationLandscapeRight";
				INFOPLIST_KEY_UISupportedInterfaceOrientations_iPhone = "UIInterfaceOrientationPortrait UIInterfaceOrientationLandscapeLeft UIInterfaceOrientationLandscapeRight";
				LD_RUNPATH_SEARCH_PATHS = (
					"$(inherited)",
					"@executable_path/Frameworks",
				);
				MARKETING_VERSION = 1.0;
				PRODUCT_BUNDLE_IDENTIFIER = app.feedup.FeeUp;
				PRODUCT_NAME = "$(TARGET_NAME)";
				SWIFT_EMIT_LOC_STRINGS = YES;
				SWIFT_VERSION = 5.0;
				TARGETED_DEVICE_FAMILY = "1,2";
			};
			name = Release;
		};
		292E72062A88DC6200E82933 /* Debug */ = {
			isa = XCBuildConfiguration;
			buildSettings = {
				ALWAYS_EMBED_SWIFT_STANDARD_LIBRARIES = YES;
				BUNDLE_LOADER = "$(TEST_HOST)";
				CODE_SIGN_STYLE = Automatic;
				CURRENT_PROJECT_VERSION = 1;
				DEVELOPMENT_TEAM = BUZXKJMFX3;
				GENERATE_INFOPLIST_FILE = YES;
				IPHONEOS_DEPLOYMENT_TARGET = 16.4;
				MARKETING_VERSION = 1.0;
				PRODUCT_BUNDLE_IDENTIFIER = app.feedup.FeeUpTests;
				PRODUCT_NAME = "$(TARGET_NAME)";
				SWIFT_EMIT_LOC_STRINGS = NO;
				SWIFT_VERSION = 5.0;
				TARGETED_DEVICE_FAMILY = "1,2";
				TEST_HOST = "$(BUILT_PRODUCTS_DIR)/FeeUp.app/$(BUNDLE_EXECUTABLE_FOLDER_PATH)/FeeUp";
			};
			name = Debug;
		};
		292E72072A88DC6200E82933 /* Release */ = {
			isa = XCBuildConfiguration;
			buildSettings = {
				ALWAYS_EMBED_SWIFT_STANDARD_LIBRARIES = YES;
				BUNDLE_LOADER = "$(TEST_HOST)";
				CODE_SIGN_STYLE = Automatic;
				CURRENT_PROJECT_VERSION = 1;
				DEVELOPMENT_TEAM = BUZXKJMFX3;
				GENERATE_INFOPLIST_FILE = YES;
				IPHONEOS_DEPLOYMENT_TARGET = 16.4;
				MARKETING_VERSION = 1.0;
				PRODUCT_BUNDLE_IDENTIFIER = app.feedup.FeeUpTests;
				PRODUCT_NAME = "$(TARGET_NAME)";
				SWIFT_EMIT_LOC_STRINGS = NO;
				SWIFT_VERSION = 5.0;
				TARGETED_DEVICE_FAMILY = "1,2";
				TEST_HOST = "$(BUILT_PRODUCTS_DIR)/FeeUp.app/$(BUNDLE_EXECUTABLE_FOLDER_PATH)/FeeUp";
			};
			name = Release;
		};
		292E72092A88DC6200E82933 /* Debug */ = {
			isa = XCBuildConfiguration;
			buildSettings = {
				ALWAYS_EMBED_SWIFT_STANDARD_LIBRARIES = YES;
				CODE_SIGN_STYLE = Automatic;
				CURRENT_PROJECT_VERSION = 1;
				DEVELOPMENT_TEAM = BUZXKJMFX3;
				GENERATE_INFOPLIST_FILE = YES;
				MARKETING_VERSION = 1.0;
				PRODUCT_BUNDLE_IDENTIFIER = app.feedup.FeeUpUITests;
				PRODUCT_NAME = "$(TARGET_NAME)";
				SWIFT_EMIT_LOC_STRINGS = NO;
				SWIFT_VERSION = 5.0;
				TARGETED_DEVICE_FAMILY = "1,2";
				TEST_TARGET_NAME = FeeUp;
			};
			name = Debug;
		};
		292E720A2A88DC6200E82933 /* Release */ = {
			isa = XCBuildConfiguration;
			buildSettings = {
				ALWAYS_EMBED_SWIFT_STANDARD_LIBRARIES = YES;
				CODE_SIGN_STYLE = Automatic;
				CURRENT_PROJECT_VERSION = 1;
				DEVELOPMENT_TEAM = BUZXKJMFX3;
				GENERATE_INFOPLIST_FILE = YES;
				MARKETING_VERSION = 1.0;
				PRODUCT_BUNDLE_IDENTIFIER = app.feedup.FeeUpUITests;
				PRODUCT_NAME = "$(TARGET_NAME)";
				SWIFT_EMIT_LOC_STRINGS = NO;
				SWIFT_VERSION = 5.0;
				TARGETED_DEVICE_FAMILY = "1,2";
				TEST_TARGET_NAME = FeeUp;
			};
			name = Release;
		};
/* End XCBuildConfiguration section */

/* Begin XCConfigurationList section */
		292E71D92A88DC6100E82933 /* Build configuration list for PBXProject "FeeUp" */ = {
			isa = XCConfigurationList;
			buildConfigurations = (
				292E72002A88DC6200E82933 /* Debug */,
				292E72012A88DC6200E82933 /* Release */,
			);
			defaultConfigurationIsVisible = 0;
			defaultConfigurationName = Release;
		};
		292E72022A88DC6200E82933 /* Build configuration list for PBXNativeTarget "FeeUp" */ = {
			isa = XCConfigurationList;
			buildConfigurations = (
				292E72032A88DC6200E82933 /* Debug */,
				292E72042A88DC6200E82933 /* Release */,
			);
			defaultConfigurationIsVisible = 0;
			defaultConfigurationName = Release;
		};
		292E72052A88DC6200E82933 /* Build configuration list for PBXNativeTarget "FeeUpTests" */ = {
			isa = XCConfigurationList;
			buildConfigurations = (
				292E72062A88DC6200E82933 /* Debug */,
				292E72072A88DC6200E82933 /* Release */,
			);
			defaultConfigurationIsVisible = 0;
			defaultConfigurationName = Release;
		};
		292E72082A88DC6200E82933 /* Build configuration list for PBXNativeTarget "FeeUpUITests" */ = {
			isa = XCConfigurationList;
			buildConfigurations = (
				292E72092A88DC6200E82933 /* Debug */,
				292E720A2A88DC6200E82933 /* Release */,
			);
			defaultConfigurationIsVisible = 0;
			defaultConfigurationName = Release;
		};
/* End XCConfigurationList section */

/* Begin XCRemoteSwiftPackageReference section */
		29B7F4392A8E34110098445D /* XCRemoteSwiftPackageReference "Kingfisher" */ = {
			isa = XCRemoteSwiftPackageReference;
			repositoryURL = "https://github.com/onevcat/Kingfisher.git";
			requirement = {
				kind = upToNextMajorVersion;
				minimumVersion = 7.0.0;
			};
		};
/* End XCRemoteSwiftPackageReference section */

/* Begin XCSwiftPackageProductDependency section */
		29B7F43A2A8E34110098445D /* Kingfisher */ = {
			isa = XCSwiftPackageProductDependency;
			package = 29B7F4392A8E34110098445D /* XCRemoteSwiftPackageReference "Kingfisher" */;
			productName = Kingfisher;
		};
		29C2291D2A8D07B000D85333 /* API */ = {
			isa = XCSwiftPackageProductDependency;
			productName = API;
		};
		29C2291F2A8D07B000D85333 /* Domain */ = {
			isa = XCSwiftPackageProductDependency;
			productName = Domain;
		};
		29C229212A8D07B000D85333 /* Network */ = {
			isa = XCSwiftPackageProductDependency;
			productName = Network;
		};
		29C229232A8D07B000D85333 /* Persistence */ = {
			isa = XCSwiftPackageProductDependency;
			productName = Persistence;
		};
		29C229252A8D07B000D85333 /* Repository */ = {
			isa = XCSwiftPackageProductDependency;
			productName = Repository;
		};
/* End XCSwiftPackageProductDependency section */
	};
	rootObject = 292E71D62A88DC6100E82933 /* Project object */;
}
